// !$*UTF8*$!
{
	archiveVersion = 1;
	classes = {
	};
	objectVersion = 46;
	objects = {

/* Begin PBXBuildFile section */
		43017DD31E57DB7D0082CC66 /* WPRNavigationController.swift in Sources */ = {isa = PBXBuildFile; fileRef = 43017DD21E57DB7D0082CC66 /* WPRNavigationController.swift */; };
		431941511E55201C005DD96C /* pause.png in Resources */ = {isa = PBXBuildFile; fileRef = 4319414F1E55201C005DD96C /* pause.png */; };
		431941521E55201C005DD96C /* play.png in Resources */ = {isa = PBXBuildFile; fileRef = 431941501E55201C005DD96C /* play.png */; };
		43DF26741E54DA9300815B5C /* AppDelegate.swift in Sources */ = {isa = PBXBuildFile; fileRef = 43DF26731E54DA9300815B5C /* AppDelegate.swift */; };
		43DF26761E54DA9300815B5C /* ViewController.swift in Sources */ = {isa = PBXBuildFile; fileRef = 43DF26751E54DA9300815B5C /* ViewController.swift */; };
		43DF26791E54DA9300815B5C /* Main.storyboard in Resources */ = {isa = PBXBuildFile; fileRef = 43DF26771E54DA9300815B5C /* Main.storyboard */; };
		43DF267B1E54DA9300815B5C /* Assets.xcassets in Resources */ = {isa = PBXBuildFile; fileRef = 43DF267A1E54DA9300815B5C /* Assets.xcassets */; };
		43DF267E1E54DA9300815B5C /* LaunchScreen.storyboard in Resources */ = {isa = PBXBuildFile; fileRef = 43DF267C1E54DA9300815B5C /* LaunchScreen.storyboard */; };
		43DF268C1E54E0DB00815B5C /* Quicksand_Dash.otf in Resources */ = {isa = PBXBuildFile; fileRef = 43DF26851E54E0DB00815B5C /* Quicksand_Dash.otf */; };
		43DF268D1E54E0DB00815B5C /* Quicksand-Bold.otf in Resources */ = {isa = PBXBuildFile; fileRef = 43DF26861E54E0DB00815B5C /* Quicksand-Bold.otf */; };
		43DF268E1E54E0DB00815B5C /* Quicksand-BoldItalic.otf in Resources */ = {isa = PBXBuildFile; fileRef = 43DF26871E54E0DB00815B5C /* Quicksand-BoldItalic.otf */; };
		43DF268F1E54E0DB00815B5C /* Quicksand-Italic.otf in Resources */ = {isa = PBXBuildFile; fileRef = 43DF26881E54E0DB00815B5C /* Quicksand-Italic.otf */; };
		43DF26901E54E0DB00815B5C /* Quicksand-Light.otf in Resources */ = {isa = PBXBuildFile; fileRef = 43DF26891E54E0DB00815B5C /* Quicksand-Light.otf */; };
		43DF26911E54E0DB00815B5C /* Quicksand-LightItalic.otf in Resources */ = {isa = PBXBuildFile; fileRef = 43DF268A1E54E0DB00815B5C /* Quicksand-LightItalic.otf */; };
		43DF26921E54E0DB00815B5C /* Quicksand-Regular.otf in Resources */ = {isa = PBXBuildFile; fileRef = 43DF268B1E54E0DB00815B5C /* Quicksand-Regular.otf */; };
		43FC49791E57C40100854E70 /* WPRNavigationBar.swift in Sources */ = {isa = PBXBuildFile; fileRef = 43FC49781E57C40100854E70 /* WPRNavigationBar.swift */; };
/* End PBXBuildFile section */

/* Begin PBXFileReference section */
		43017DD21E57DB7D0082CC66 /* WPRNavigationController.swift */ = {isa = PBXFileReference; fileEncoding = 4; lastKnownFileType = sourcecode.swift; path = WPRNavigationController.swift; sourceTree = "<group>"; };
		4319414F1E55201C005DD96C /* pause.png */ = {isa = PBXFileReference; lastKnownFileType = image.png; path = pause.png; sourceTree = "<group>"; };
		431941501E55201C005DD96C /* play.png */ = {isa = PBXFileReference; lastKnownFileType = image.png; path = play.png; sourceTree = "<group>"; };
		43DF26701E54DA9300815B5C /* WPR.app */ = {isa = PBXFileReference; explicitFileType = wrapper.application; includeInIndex = 0; path = WPR.app; sourceTree = BUILT_PRODUCTS_DIR; };
		43DF26731E54DA9300815B5C /* AppDelegate.swift */ = {isa = PBXFileReference; lastKnownFileType = sourcecode.swift; path = AppDelegate.swift; sourceTree = "<group>"; };
		43DF26751E54DA9300815B5C /* ViewController.swift */ = {isa = PBXFileReference; lastKnownFileType = sourcecode.swift; path = ViewController.swift; sourceTree = "<group>"; };
		43DF26781E54DA9300815B5C /* Base */ = {isa = PBXFileReference; lastKnownFileType = file.storyboard; name = Base; path = Base.lproj/Main.storyboard; sourceTree = "<group>"; };
		43DF267A1E54DA9300815B5C /* Assets.xcassets */ = {isa = PBXFileReference; lastKnownFileType = folder.assetcatalog; path = Assets.xcassets; sourceTree = "<group>"; };
		43DF267D1E54DA9300815B5C /* Base */ = {isa = PBXFileReference; lastKnownFileType = file.storyboard; name = Base; path = Base.lproj/LaunchScreen.storyboard; sourceTree = "<group>"; };
		43DF267F1E54DA9300815B5C /* Info.plist */ = {isa = PBXFileReference; lastKnownFileType = text.plist.xml; path = Info.plist; sourceTree = "<group>"; };
		43DF26851E54E0DB00815B5C /* Quicksand_Dash.otf */ = {isa = PBXFileReference; lastKnownFileType = file; path = Quicksand_Dash.otf; sourceTree = "<group>"; };
		43DF26861E54E0DB00815B5C /* Quicksand-Bold.otf */ = {isa = PBXFileReference; lastKnownFileType = file; path = "Quicksand-Bold.otf"; sourceTree = "<group>"; };
		43DF26871E54E0DB00815B5C /* Quicksand-BoldItalic.otf */ = {isa = PBXFileReference; lastKnownFileType = file; path = "Quicksand-BoldItalic.otf"; sourceTree = "<group>"; };
		43DF26881E54E0DB00815B5C /* Quicksand-Italic.otf */ = {isa = PBXFileReference; lastKnownFileType = file; path = "Quicksand-Italic.otf"; sourceTree = "<group>"; };
		43DF26891E54E0DB00815B5C /* Quicksand-Light.otf */ = {isa = PBXFileReference; lastKnownFileType = file; path = "Quicksand-Light.otf"; sourceTree = "<group>"; };
		43DF268A1E54E0DB00815B5C /* Quicksand-LightItalic.otf */ = {isa = PBXFileReference; lastKnownFileType = file; path = "Quicksand-LightItalic.otf"; sourceTree = "<group>"; };
		43DF268B1E54E0DB00815B5C /* Quicksand-Regular.otf */ = {isa = PBXFileReference; lastKnownFileType = file; path = "Quicksand-Regular.otf"; sourceTree = "<group>"; };
		43FC49781E57C40100854E70 /* WPRNavigationBar.swift */ = {isa = PBXFileReference; fileEncoding = 4; lastKnownFileType = sourcecode.swift; path = WPRNavigationBar.swift; sourceTree = "<group>"; };
/* End PBXFileReference section */

/* Begin PBXFrameworksBuildPhase section */
		43DF266D1E54DA9300815B5C /* Frameworks */ = {
			isa = PBXFrameworksBuildPhase;
			buildActionMask = 2147483647;
			files = (
			);
			runOnlyForDeploymentPostprocessing = 0;
		};
/* End PBXFrameworksBuildPhase section */

/* Begin PBXGroup section */
		43DF26671E54DA9300815B5C = {
			isa = PBXGroup;
			children = (
				43DF26721E54DA9300815B5C /* WPR */,
				43DF26711E54DA9300815B5C /* Products */,
			);
			sourceTree = "<group>";
		};
		43DF26711E54DA9300815B5C /* Products */ = {
			isa = PBXGroup;
			children = (
				43DF26701E54DA9300815B5C /* WPR.app */,
			);
			name = Products;
			sourceTree = "<group>";
		};
		43DF26721E54DA9300815B5C /* WPR */ = {
			isa = PBXGroup;
			children = (
				43DF26731E54DA9300815B5C /* AppDelegate.swift */,
				43DF26751E54DA9300815B5C /* ViewController.swift */,
				43FC49781E57C40100854E70 /* WPRNavigationBar.swift */,
				43017DD21E57DB7D0082CC66 /* WPRNavigationController.swift */,
				43DF26771E54DA9300815B5C /* Main.storyboard */,
				43DF267A1E54DA9300815B5C /* Assets.xcassets */,
				43DF267C1E54DA9300815B5C /* LaunchScreen.storyboard */,
				43DF267F1E54DA9300815B5C /* Info.plist */,
				4319414F1E55201C005DD96C /* pause.png */,
				431941501E55201C005DD96C /* play.png */,
				43DF26931E54E0DF00815B5C /* Fonts */,
			);
			path = WPR;
			sourceTree = "<group>";
		};
		43DF26931E54E0DF00815B5C /* Fonts */ = {
			isa = PBXGroup;
			children = (
				43DF26851E54E0DB00815B5C /* Quicksand_Dash.otf */,
				43DF26861E54E0DB00815B5C /* Quicksand-Bold.otf */,
				43DF26871E54E0DB00815B5C /* Quicksand-BoldItalic.otf */,
				43DF26881E54E0DB00815B5C /* Quicksand-Italic.otf */,
				43DF26891E54E0DB00815B5C /* Quicksand-Light.otf */,
				43DF268A1E54E0DB00815B5C /* Quicksand-LightItalic.otf */,
				43DF268B1E54E0DB00815B5C /* Quicksand-Regular.otf */,
			);
			name = Fonts;
			sourceTree = "<group>";
		};
/* End PBXGroup section */

/* Begin PBXNativeTarget section */
		43DF266F1E54DA9300815B5C /* WPR */ = {
			isa = PBXNativeTarget;
			buildConfigurationList = 43DF26821E54DA9300815B5C /* Build configuration list for PBXNativeTarget "WPR" */;
			buildPhases = (
				43DF266C1E54DA9300815B5C /* Sources */,
				43DF266D1E54DA9300815B5C /* Frameworks */,
				43DF266E1E54DA9300815B5C /* Resources */,
			);
			buildRules = (
			);
			dependencies = (
			);
			name = WPR;
			productName = WPR;
			productReference = 43DF26701E54DA9300815B5C /* WPR.app */;
			productType = "com.apple.product-type.application";
		};
/* End PBXNativeTarget section */

/* Begin PBXProject section */
		43DF26681E54DA9300815B5C /* Project object */ = {
			isa = PBXProject;
			attributes = {
				LastSwiftUpdateCheck = 0820;
				LastUpgradeCheck = 0820;
				ORGANIZATIONNAME = "Willis Allstead";
				TargetAttributes = {
					43DF266F1E54DA9300815B5C = {
						CreatedOnToolsVersion = 8.2.1;
						DevelopmentTeam = V2PB75MQCC;
						LastSwiftMigration = 0820;
						ProvisioningStyle = Automatic;
						SystemCapabilities = {
							com.apple.BackgroundModes = {
								enabled = 1;
							};
						};
					};
				};
			};
			buildConfigurationList = 43DF266B1E54DA9300815B5C /* Build configuration list for PBXProject "WPR" */;
			compatibilityVersion = "Xcode 3.2";
			developmentRegion = English;
			hasScannedForEncodings = 0;
			knownRegions = (
				en,
				Base,
			);
			mainGroup = 43DF26671E54DA9300815B5C;
			productRefGroup = 43DF26711E54DA9300815B5C /* Products */;
			projectDirPath = "";
			projectRoot = "";
			targets = (
				43DF266F1E54DA9300815B5C /* WPR */,
			);
		};
/* End PBXProject section */

/* Begin PBXResourcesBuildPhase section */
		43DF266E1E54DA9300815B5C /* Resources */ = {
			isa = PBXResourcesBuildPhase;
			buildActionMask = 2147483647;
			files = (
				431941511E55201C005DD96C /* pause.png in Resources */,
				43DF267E1E54DA9300815B5C /* LaunchScreen.storyboard in Resources */,
				43DF267B1E54DA9300815B5C /* Assets.xcassets in Resources */,
				43DF26901E54E0DB00815B5C /* Quicksand-Light.otf in Resources */,
				43DF268E1E54E0DB00815B5C /* Quicksand-BoldItalic.otf in Resources */,
				43DF26921E54E0DB00815B5C /* Quicksand-Regular.otf in Resources */,
				431941521E55201C005DD96C /* play.png in Resources */,
				43DF26791E54DA9300815B5C /* Main.storyboard in Resources */,
				43DF268C1E54E0DB00815B5C /* Quicksand_Dash.otf in Resources */,
				43DF268D1E54E0DB00815B5C /* Quicksand-Bold.otf in Resources */,
				43DF26911E54E0DB00815B5C /* Quicksand-LightItalic.otf in Resources */,
				43DF268F1E54E0DB00815B5C /* Quicksand-Italic.otf in Resources */,
			);
			runOnlyForDeploymentPostprocessing = 0;
		};
/* End PBXResourcesBuildPhase section */

/* Begin PBXSourcesBuildPhase section */
		43DF266C1E54DA9300815B5C /* Sources */ = {
			isa = PBXSourcesBuildPhase;
			buildActionMask = 2147483647;
			files = (
				43DF26761E54DA9300815B5C /* ViewController.swift in Sources */,
				43017DD31E57DB7D0082CC66 /* WPRNavigationController.swift in Sources */,
				43FC49791E57C40100854E70 /* WPRNavigationBar.swift in Sources */,
				43DF26741E54DA9300815B5C /* AppDelegate.swift in Sources */,
			);
			runOnlyForDeploymentPostprocessing = 0;
		};
/* End PBXSourcesBuildPhase section */

/* Begin PBXVariantGroup section */
		43DF26771E54DA9300815B5C /* Main.storyboard */ = {
			isa = PBXVariantGroup;
			children = (
				43DF26781E54DA9300815B5C /* Base */,
			);
			name = Main.storyboard;
			sourceTree = "<group>";
		};
		43DF267C1E54DA9300815B5C /* LaunchScreen.storyboard */ = {
			isa = PBXVariantGroup;
			children = (
				43DF267D1E54DA9300815B5C /* Base */,
			);
			name = LaunchScreen.storyboard;
			sourceTree = "<group>";
		};
/* End PBXVariantGroup section */

/* Begin XCBuildConfiguration section */
		43DF26801E54DA9300815B5C /* Debug */ = {
			isa = XCBuildConfiguration;
			buildSettings = {
				ALWAYS_SEARCH_USER_PATHS = NO;
				CLANG_ANALYZER_NONNULL = YES;
				CLANG_CXX_LANGUAGE_STANDARD = "gnu++0x";
				CLANG_CXX_LIBRARY = "libc++";
				CLANG_ENABLE_MODULES = YES;
				CLANG_ENABLE_OBJC_ARC = YES;
				CLANG_WARN_BOOL_CONVERSION = YES;
				CLANG_WARN_CONSTANT_CONVERSION = YES;
				CLANG_WARN_DIRECT_OBJC_ISA_USAGE = YES_ERROR;
				CLANG_WARN_DOCUMENTATION_COMMENTS = YES;
				CLANG_WARN_EMPTY_BODY = YES;
				CLANG_WARN_ENUM_CONVERSION = YES;
				CLANG_WARN_INFINITE_RECURSION = YES;
				CLANG_WARN_INT_CONVERSION = YES;
				CLANG_WARN_OBJC_ROOT_CLASS = YES_ERROR;
				CLANG_WARN_SUSPICIOUS_MOVE = YES;
				CLANG_WARN_UNREACHABLE_CODE = YES;
				CLANG_WARN__DUPLICATE_METHOD_MATCH = YES;
				"CODE_SIGN_IDENTITY[sdk=iphoneos*]" = "iPhone Developer";
				COPY_PHASE_STRIP = NO;
				DEBUG_INFORMATION_FORMAT = dwarf;
				ENABLE_STRICT_OBJC_MSGSEND = YES;
				ENABLE_TESTABILITY = YES;
				GCC_C_LANGUAGE_STANDARD = gnu99;
				GCC_DYNAMIC_NO_PIC = NO;
				GCC_NO_COMMON_BLOCKS = YES;
				GCC_OPTIMIZATION_LEVEL = 0;
				GCC_PREPROCESSOR_DEFINITIONS = (
					"DEBUG=1",
					"$(inherited)",
				);
				GCC_WARN_64_TO_32_BIT_CONVERSION = YES;
				GCC_WARN_ABOUT_RETURN_TYPE = YES_ERROR;
				GCC_WARN_UNDECLARED_SELECTOR = YES;
				GCC_WARN_UNINITIALIZED_AUTOS = YES_AGGRESSIVE;
				GCC_WARN_UNUSED_FUNCTION = YES;
				GCC_WARN_UNUSED_VARIABLE = YES;
				IPHONEOS_DEPLOYMENT_TARGET = 10.2;
				MTL_ENABLE_DEBUG_INFO = YES;
				ONLY_ACTIVE_ARCH = YES;
				SDKROOT = iphoneos;
				SWIFT_ACTIVE_COMPILATION_CONDITIONS = DEBUG;
				SWIFT_OPTIMIZATION_LEVEL = "-Onone";
			};
			name = Debug;
		};
		43DF26811E54DA9300815B5C /* Release */ = {
			isa = XCBuildConfiguration;
			buildSettings = {
				ALWAYS_SEARCH_USER_PATHS = NO;
				CLANG_ANALYZER_NONNULL = YES;
				CLANG_CXX_LANGUAGE_STANDARD = "gnu++0x";
				CLANG_CXX_LIBRARY = "libc++";
				CLANG_ENABLE_MODULES = YES;
				CLANG_ENABLE_OBJC_ARC = YES;
				CLANG_WARN_BOOL_CONVERSION = YES;
				CLANG_WARN_CONSTANT_CONVERSION = YES;
				CLANG_WARN_DIRECT_OBJC_ISA_USAGE = YES_ERROR;
				CLANG_WARN_DOCUMENTATION_COMMENTS = YES;
				CLANG_WARN_EMPTY_BODY = YES;
				CLANG_WARN_ENUM_CONVERSION = YES;
				CLANG_WARN_INFINITE_RECURSION = YES;
				CLANG_WARN_INT_CONVERSION = YES;
				CLANG_WARN_OBJC_ROOT_CLASS = YES_ERROR;
				CLANG_WARN_SUSPICIOUS_MOVE = YES;
				CLANG_WARN_UNREACHABLE_CODE = YES;
				CLANG_WARN__DUPLICATE_METHOD_MATCH = YES;
				"CODE_SIGN_IDENTITY[sdk=iphoneos*]" = "iPhone Developer";
				COPY_PHASE_STRIP = NO;
				DEBUG_INFORMATION_FORMAT = "dwarf-with-dsym";
				ENABLE_NS_ASSERTIONS = NO;
				ENABLE_STRICT_OBJC_MSGSEND = YES;
				GCC_C_LANGUAGE_STANDARD = gnu99;
				GCC_NO_COMMON_BLOCKS = YES;
				GCC_WARN_64_TO_32_BIT_CONVERSION = YES;
				GCC_WARN_ABOUT_RETURN_TYPE = YES_ERROR;
				GCC_WARN_UNDECLARED_SELECTOR = YES;
				GCC_WARN_UNINITIALIZED_AUTOS = YES_AGGRESSIVE;
				GCC_WARN_UNUSED_FUNCTION = YES;
				GCC_WARN_UNUSED_VARIABLE = YES;
				IPHONEOS_DEPLOYMENT_TARGET = 10.2;
				MTL_ENABLE_DEBUG_INFO = NO;
				SDKROOT = iphoneos;
				SWIFT_OPTIMIZATION_LEVEL = "-Owholemodule";
				VALIDATE_PRODUCT = YES;
			};
			name = Release;
		};
		43DF26831E54DA9300815B5C /* Debug */ = {
			isa = XCBuildConfiguration;
			buildSettings = {
				ASSETCATALOG_COMPILER_APPICON_NAME = AppIcon;
				DEVELOPMENT_TEAM = V2PB75MQCC;
				INFOPLIST_FILE = WPR/Info.plist;
				LD_RUNPATH_SEARCH_PATHS = "$(inherited) @executable_path/Frameworks";
				PRODUCT_BUNDLE_IDENTIFIER = com.willallstead.WPR;
				PRODUCT_NAME = "$(TARGET_NAME)";
				SWIFT_VERSION = 3.0;
			};
			name = Debug;
		};
		43DF26841E54DA9300815B5C /* Release */ = {
			isa = XCBuildConfiguration;
			buildSettings = {
				ASSETCATALOG_COMPILER_APPICON_NAME = AppIcon;
				DEVELOPMENT_TEAM = V2PB75MQCC;
				INFOPLIST_FILE = WPR/Info.plist;
				LD_RUNPATH_SEARCH_PATHS = "$(inherited) @executable_path/Frameworks";
				PRODUCT_BUNDLE_IDENTIFIER = com.willallstead.WPR;
				PRODUCT_NAME = "$(TARGET_NAME)";
				SWIFT_VERSION = 3.0;
			};
			name = Release;
		};
/* End XCBuildConfiguration section */

/* Begin XCConfigurationList section */
		43DF266B1E54DA9300815B5C /* Build configuration list for PBXProject "WPR" */ = {
			isa = XCConfigurationList;
			buildConfigurations = (
				43DF26801E54DA9300815B5C /* Debug */,
				43DF26811E54DA9300815B5C /* Release */,
			);
			defaultConfigurationIsVisible = 0;
			defaultConfigurationName = Release;
		};
		43DF26821E54DA9300815B5C /* Build configuration list for PBXNativeTarget "WPR" */ = {
			isa = XCConfigurationList;
			buildConfigurations = (
				43DF26831E54DA9300815B5C /* Debug */,
				43DF26841E54DA9300815B5C /* Release */,
			);
			defaultConfigurationIsVisible = 0;
			defaultConfigurationName = Release;
		};
/* End XCConfigurationList section */
	};
	rootObject = 43DF26681E54DA9300815B5C /* Project object */;
}
